// !$*UTF8*$!
{
	archiveVersion = 1;
	classes = {
	};
	objectVersion = 55;
	objects = {

/* Begin PBXBuildFile section */
		431996FDA181A824AE25C79F /* Pods_SYStudy.framework in Frameworks */ = {isa = PBXBuildFile; fileRef = 598EBC18B25B9157C457124B /* Pods_SYStudy.framework */; };
		B62D62DF289F8BF9001191BE /* AppDelegate.swift in Sources */ = {isa = PBXBuildFile; fileRef = B62D62DE289F8BF9001191BE /* AppDelegate.swift */; };
		B62D62E1289F8BF9001191BE /* SceneDelegate.swift in Sources */ = {isa = PBXBuildFile; fileRef = B62D62E0289F8BF9001191BE /* SceneDelegate.swift */; };
		B62D62E3289F8BF9001191BE /* ViewController.swift in Sources */ = {isa = PBXBuildFile; fileRef = B62D62E2289F8BF9001191BE /* ViewController.swift */; };
		B62D62E6289F8BF9001191BE /* Main.storyboard in Resources */ = {isa = PBXBuildFile; fileRef = B62D62E4289F8BF9001191BE /* Main.storyboard */; };
		B62D62E8289F8BFD001191BE /* Assets.xcassets in Resources */ = {isa = PBXBuildFile; fileRef = B62D62E7289F8BFD001191BE /* Assets.xcassets */; };
		B62D62EB289F8BFD001191BE /* LaunchScreen.storyboard in Resources */ = {isa = PBXBuildFile; fileRef = B62D62E9289F8BFD001191BE /* LaunchScreen.storyboard */; };
		B64EEDFE28CF7D1E004002E3 /* KakaoStoryboard.storyboard in Resources */ = {isa = PBXBuildFile; fileRef = B64EEDFD28CF7D1E004002E3 /* KakaoStoryboard.storyboard */; };
		B64EEE0428CF7DFF004002E3 /* KakaoViewController.swift in Sources */ = {isa = PBXBuildFile; fileRef = B64EEE0328CF7DFF004002E3 /* KakaoViewController.swift */; };
		B64EEE0828CF83FD004002E3 /* ChattingCollectionViewCell.swift in Sources */ = {isa = PBXBuildFile; fileRef = B64EEE0728CF83FD004002E3 /* ChattingCollectionViewCell.swift */; };
		B64EEE0A28CF870D004002E3 /* ChatList.swift in Sources */ = {isa = PBXBuildFile; fileRef = B64EEE0928CF870D004002E3 /* ChatList.swift */; };
		B654E31928ABDF7900A1A5DA /* StudyViewController.swift in Sources */ = {isa = PBXBuildFile; fileRef = B654E31828ABDF7900A1A5DA /* StudyViewController.swift */; };
		B654E31B28ABDF9F00A1A5DA /* StudyStoryboard.storyboard in Resources */ = {isa = PBXBuildFile; fileRef = B654E31A28ABDF9F00A1A5DA /* StudyStoryboard.storyboard */; };
		B657249E28CB485E0031A8E4 /* Homework5.storyboard in Resources */ = {isa = PBXBuildFile; fileRef = B657249D28CB485E0031A8E4 /* Homework5.storyboard */; };
		B65724A028CB48A20031A8E4 /* Homework5ViewController.swift in Sources */ = {isa = PBXBuildFile; fileRef = B657249F28CB48A20031A8E4 /* Homework5ViewController.swift */; };
		B65724A228CB4D040031A8E4 /* CompanyCell.swift in Sources */ = {isa = PBXBuildFile; fileRef = B65724A128CB4D040031A8E4 /* CompanyCell.swift */; };
		B65724A428CB4E0A0031A8E4 /* Company.swift in Sources */ = {isa = PBXBuildFile; fileRef = B65724A328CB4E0A0031A8E4 /* Company.swift */; };
		B65AF85528C20432009747D6 /* CollectionViewCell.swift in Sources */ = {isa = PBXBuildFile; fileRef = B65AF85428C20432009747D6 /* CollectionViewCell.swift */; };
		B65AF85728C20E39009747D6 /* Animal.swift in Sources */ = {isa = PBXBuildFile; fileRef = B65AF85628C20E39009747D6 /* Animal.swift */; };
		B683B82F28C0CC400098979B /* Homework4Storyboard.storyboard in Resources */ = {isa = PBXBuildFile; fileRef = B683B82E28C0CC400098979B /* Homework4Storyboard.storyboard */; };
		B683B83128C0CC690098979B /* Homework4ViewController.swift in Sources */ = {isa = PBXBuildFile; fileRef = B683B83028C0CC690098979B /* Homework4ViewController.swift */; };
		B683B83328C0D7BA0098979B /* RankCollectionViewCell.swift in Sources */ = {isa = PBXBuildFile; fileRef = B683B83228C0D7BA0098979B /* RankCollectionViewCell.swift */; };
		B683B83528C0DE010098979B /* RankModel.swift in Sources */ = {isa = PBXBuildFile; fileRef = B683B83428C0DE010098979B /* RankModel.swift */; };
		B6AA687B28A76DC1006590E5 /* Homework2ViewController.swift in Sources */ = {isa = PBXBuildFile; fileRef = B6AA687A28A76DC1006590E5 /* Homework2ViewController.swift */; };
		B6AA687E28A76E1B006590E5 /* Homework2Storyboard.storyboard in Resources */ = {isa = PBXBuildFile; fileRef = B6AA687D28A76E1B006590E5 /* Homework2Storyboard.storyboard */; };
		B6AA688128A780BD006590E5 /* Homework3ViewController.swift in Sources */ = {isa = PBXBuildFile; fileRef = B6AA688028A780BD006590E5 /* Homework3ViewController.swift */; };
		B6AA688328A780CD006590E5 /* Homework3Storyboard.storyboard in Resources */ = {isa = PBXBuildFile; fileRef = B6AA688228A780CD006590E5 /* Homework3Storyboard.storyboard */; };
		B6B66F5428A28C55005BF83E /* UpDownGameViewController.swift in Sources */ = {isa = PBXBuildFile; fileRef = B6B66F5328A28C55005BF83E /* UpDownGameViewController.swift */; };
		B6B66F5628A28D10005BF83E /* UpDownGameStoryBoard.storyboard in Resources */ = {isa = PBXBuildFile; fileRef = B6B66F5528A28D10005BF83E /* UpDownGameStoryBoard.storyboard */; };
/* End PBXBuildFile section */

/* Begin PBXFileReference section */
		598EBC18B25B9157C457124B /* Pods_SYStudy.framework */ = {isa = PBXFileReference; explicitFileType = wrapper.framework; includeInIndex = 0; path = Pods_SYStudy.framework; sourceTree = BUILT_PRODUCTS_DIR; };
		A948BFB06899CA4956C3F0B6 /* Pods-SYStudy.debug.xcconfig */ = {isa = PBXFileReference; includeInIndex = 1; lastKnownFileType = text.xcconfig; name = "Pods-SYStudy.debug.xcconfig"; path = "Target Support Files/Pods-SYStudy/Pods-SYStudy.debug.xcconfig"; sourceTree = "<group>"; };
		AAD3CEEA3B06B12FF281F76F /* Pods-SYStudy.release.xcconfig */ = {isa = PBXFileReference; includeInIndex = 1; lastKnownFileType = text.xcconfig; name = "Pods-SYStudy.release.xcconfig"; path = "Target Support Files/Pods-SYStudy/Pods-SYStudy.release.xcconfig"; sourceTree = "<group>"; };
		B624EDEE2901973900331BE2 /* PropertyObsevers.playground */ = {isa = PBXFileReference; lastKnownFileType = file.playground; path = PropertyObsevers.playground; sourceTree = "<group>"; xcLanguageSpecificationIdentifier = xcode.lang.swift; };
		B624EDF02901A3DA00331BE2 /* StructInitializers.playground */ = {isa = PBXFileReference; lastKnownFileType = file.playground; path = StructInitializers.playground; sourceTree = "<group>"; xcLanguageSpecificationIdentifier = xcode.lang.swift; };
		B624EDF12901A62B00331BE2 /* ConvenienceInitializers.playground */ = {isa = PBXFileReference; lastKnownFileType = file.playground; path = ConvenienceInitializers.playground; sourceTree = "<group>"; xcLanguageSpecificationIdentifier = xcode.lang.swift; };
		B624EDF22901AA2900331BE2 /* SubclassInitalizers.playground */ = {isa = PBXFileReference; lastKnownFileType = file.playground; path = SubclassInitalizers.playground; sourceTree = "<group>"; xcLanguageSpecificationIdentifier = xcode.lang.swift; };
		B624EDF32901AE4600331BE2 /* RequiredInit.playground */ = {isa = PBXFileReference; lastKnownFileType = file.playground; path = RequiredInit.playground; sourceTree = "<group>"; xcLanguageSpecificationIdentifier = xcode.lang.swift; };
		B624EDF52902BC3400331BE2 /* Unwrapping.playground */ = {isa = PBXFileReference; lastKnownFileType = file.playground; path = Unwrapping.playground; sourceTree = "<group>"; xcLanguageSpecificationIdentifier = xcode.lang.swift; };
		B62D62DB289F8BF9001191BE /* SYStudy.app */ = {isa = PBXFileReference; explicitFileType = wrapper.application; includeInIndex = 0; path = SYStudy.app; sourceTree = BUILT_PRODUCTS_DIR; };
		B62D62DE289F8BF9001191BE /* AppDelegate.swift */ = {isa = PBXFileReference; lastKnownFileType = sourcecode.swift; path = AppDelegate.swift; sourceTree = "<group>"; };
		B62D62E0289F8BF9001191BE /* SceneDelegate.swift */ = {isa = PBXFileReference; lastKnownFileType = sourcecode.swift; path = SceneDelegate.swift; sourceTree = "<group>"; };
		B62D62E2289F8BF9001191BE /* ViewController.swift */ = {isa = PBXFileReference; lastKnownFileType = sourcecode.swift; path = ViewController.swift; sourceTree = "<group>"; };
		B62D62E5289F8BF9001191BE /* Base */ = {isa = PBXFileReference; lastKnownFileType = file.storyboard; name = Base; path = Base.lproj/Main.storyboard; sourceTree = "<group>"; };
		B62D62E7289F8BFD001191BE /* Assets.xcassets */ = {isa = PBXFileReference; lastKnownFileType = folder.assetcatalog; path = Assets.xcassets; sourceTree = "<group>"; };
		B62D62EA289F8BFD001191BE /* Base */ = {isa = PBXFileReference; lastKnownFileType = file.storyboard; name = Base; path = Base.lproj/LaunchScreen.storyboard; sourceTree = "<group>"; };
		B62D62EC289F8BFD001191BE /* Info.plist */ = {isa = PBXFileReference; lastKnownFileType = text.plist.xml; path = Info.plist; sourceTree = "<group>"; };
		B63C87C92903D58A005E706B /* UnwrappingOptional2.playground */ = {isa = PBXFileReference; lastKnownFileType = file.playground; path = UnwrappingOptional2.playground; sourceTree = "<group>"; xcLanguageSpecificationIdentifier = xcode.lang.swift; };
		B63C87CA2903E35E005E706B /* ReturnOptional.playground */ = {isa = PBXFileReference; lastKnownFileType = file.playground; path = ReturnOptional.playground; sourceTree = "<group>"; xcLanguageSpecificationIdentifier = xcode.lang.swift; };
		B63C87CB2903E847005E706B /* ChainingOptinal.playground */ = {isa = PBXFileReference; lastKnownFileType = file.playground; path = ChainingOptinal.playground; sourceTree = "<group>"; xcLanguageSpecificationIdentifier = xcode.lang.swift; };
		B63C87CC2903E9DA005E706B /* OptionalBools.playground */ = {isa = PBXFileReference; lastKnownFileType = file.playground; path = OptionalBools.playground; sourceTree = "<group>"; xcLanguageSpecificationIdentifier = xcode.lang.swift; };
		B63C87CD2903EDC0005E706B /* ForceUnwrapping.playground */ = {isa = PBXFileReference; lastKnownFileType = file.playground; path = ForceUnwrapping.playground; sourceTree = "<group>"; xcLanguageSpecificationIdentifier = xcode.lang.swift; };
		B64C8DB5290040D60067821E /* LazyProperty.playground */ = {isa = PBXFileReference; lastKnownFileType = file.playground; path = LazyProperty.playground; sourceTree = "<group>"; xcLanguageSpecificationIdentifier = xcode.lang.swift; };
		B64EEDFD28CF7D1E004002E3 /* KakaoStoryboard.storyboard */ = {isa = PBXFileReference; lastKnownFileType = file.storyboard; path = KakaoStoryboard.storyboard; sourceTree = "<group>"; };
		B64EEE0328CF7DFF004002E3 /* KakaoViewController.swift */ = {isa = PBXFileReference; lastKnownFileType = sourcecode.swift; path = KakaoViewController.swift; sourceTree = "<group>"; };
		B64EEE0728CF83FD004002E3 /* ChattingCollectionViewCell.swift */ = {isa = PBXFileReference; lastKnownFileType = sourcecode.swift; path = ChattingCollectionViewCell.swift; sourceTree = "<group>"; };
		B64EEE0928CF870D004002E3 /* ChatList.swift */ = {isa = PBXFileReference; lastKnownFileType = sourcecode.swift; path = ChatList.swift; sourceTree = "<group>"; };
		B654E31828ABDF7900A1A5DA /* StudyViewController.swift */ = {isa = PBXFileReference; lastKnownFileType = sourcecode.swift; path = StudyViewController.swift; sourceTree = "<group>"; };
		B654E31A28ABDF9F00A1A5DA /* StudyStoryboard.storyboard */ = {isa = PBXFileReference; lastKnownFileType = file.storyboard; path = StudyStoryboard.storyboard; sourceTree = "<group>"; };
		B657249D28CB485E0031A8E4 /* Homework5.storyboard */ = {isa = PBXFileReference; lastKnownFileType = file.storyboard; path = Homework5.storyboard; sourceTree = "<group>"; };
		B657249F28CB48A20031A8E4 /* Homework5ViewController.swift */ = {isa = PBXFileReference; lastKnownFileType = sourcecode.swift; path = Homework5ViewController.swift; sourceTree = "<group>"; };
		B65724A128CB4D040031A8E4 /* CompanyCell.swift */ = {isa = PBXFileReference; lastKnownFileType = sourcecode.swift; path = CompanyCell.swift; sourceTree = "<group>"; };
		B65724A328CB4E0A0031A8E4 /* Company.swift */ = {isa = PBXFileReference; lastKnownFileType = sourcecode.swift; path = Company.swift; sourceTree = "<group>"; };
		B65AF85428C20432009747D6 /* CollectionViewCell.swift */ = {isa = PBXFileReference; lastKnownFileType = sourcecode.swift; path = CollectionViewCell.swift; sourceTree = "<group>"; };
		B65AF85628C20E39009747D6 /* Animal.swift */ = {isa = PBXFileReference; lastKnownFileType = sourcecode.swift; path = Animal.swift; sourceTree = "<group>"; };
		B65D3992290EC51500C9B828 /* ThrowingErrors.playground */ = {isa = PBXFileReference; lastKnownFileType = file.playground; path = ThrowingErrors.playground; sourceTree = "<group>"; xcLanguageSpecificationIdentifier = xcode.lang.swift; };
		B65D39932910175900C9B828 /* ThrowingErrors2.playground */ = {isa = PBXFileReference; lastKnownFileType = file.playground; path = ThrowingErrors2.playground; sourceTree = "<group>"; xcLanguageSpecificationIdentifier = xcode.lang.swift; };
		B65D3994291026E000C9B828 /* ErrorPropagation.playground */ = {isa = PBXFileReference; lastKnownFileType = file.playground; path = ErrorPropagation.playground; sourceTree = "<group>"; xcLanguageSpecificationIdentifier = xcode.lang.swift; };
		B65D39952910323100C9B828 /* ValidityWithType.playground */ = {isa = PBXFileReference; lastKnownFileType = file.playground; path = ValidityWithType.playground; sourceTree = "<group>"; xcLanguageSpecificationIdentifier = xcode.lang.swift; };
		B65F344728C9E5CC00F2D797 /* Quiz1.playground */ = {isa = PBXFileReference; lastKnownFileType = file.playground; path = Quiz1.playground; sourceTree = "<group>"; xcLanguageSpecificationIdentifier = xcode.lang.swift; };
		B683B82E28C0CC400098979B /* Homework4Storyboard.storyboard */ = {isa = PBXFileReference; lastKnownFileType = file.storyboard; path = Homework4Storyboard.storyboard; sourceTree = "<group>"; };
		B683B83028C0CC690098979B /* Homework4ViewController.swift */ = {isa = PBXFileReference; lastKnownFileType = sourcecode.swift; path = Homework4ViewController.swift; sourceTree = "<group>"; };
		B683B83228C0D7BA0098979B /* RankCollectionViewCell.swift */ = {isa = PBXFileReference; lastKnownFileType = sourcecode.swift; path = RankCollectionViewCell.swift; sourceTree = "<group>"; };
		B683B83428C0DE010098979B /* RankModel.swift */ = {isa = PBXFileReference; lastKnownFileType = sourcecode.swift; path = RankModel.swift; sourceTree = "<group>"; };
		B69508EC28FA7AF900403208 /* Session.playground */ = {isa = PBXFileReference; lastKnownFileType = file.playground; path = Session.playground; sourceTree = "<group>"; xcLanguageSpecificationIdentifier = xcode.lang.swift; };
		B69508ED28FA921800403208 /* HideEnum.playground */ = {isa = PBXFileReference; lastKnownFileType = file.playground; path = HideEnum.playground; sourceTree = "<group>"; xcLanguageSpecificationIdentifier = xcode.lang.swift; };
		B697EACD29004D52008DFC21 /* TeacherStudent.playground */ = {isa = PBXFileReference; lastKnownFileType = file.playground; path = TeacherStudent.playground; sourceTree = "<group>"; xcLanguageSpecificationIdentifier = xcode.lang.swift; };
		B697EACE290058F6008DFC21 /* ComputedProtpery.playground */ = {isa = PBXFileReference; lastKnownFileType = file.playground; path = ComputedProtpery.playground; sourceTree = "<group>"; xcLanguageSpecificationIdentifier = xcode.lang.swift; };
		B6AA687A28A76DC1006590E5 /* Homework2ViewController.swift */ = {isa = PBXFileReference; lastKnownFileType = sourcecode.swift; path = Homework2ViewController.swift; sourceTree = "<group>"; };
		B6AA687D28A76E1B006590E5 /* Homework2Storyboard.storyboard */ = {isa = PBXFileReference; lastKnownFileType = file.storyboard; path = Homework2Storyboard.storyboard; sourceTree = "<group>"; };
		B6AA688028A780BD006590E5 /* Homework3ViewController.swift */ = {isa = PBXFileReference; lastKnownFileType = sourcecode.swift; path = Homework3ViewController.swift; sourceTree = "<group>"; };
		B6AA688228A780CD006590E5 /* Homework3Storyboard.storyboard */ = {isa = PBXFileReference; lastKnownFileType = file.storyboard; path = Homework3Storyboard.storyboard; sourceTree = "<group>"; };
		B6B66F5328A28C55005BF83E /* UpDownGameViewController.swift */ = {isa = PBXFileReference; lastKnownFileType = sourcecode.swift; path = UpDownGameViewController.swift; sourceTree = "<group>"; };
		B6B66F5528A28D10005BF83E /* UpDownGameStoryBoard.storyboard */ = {isa = PBXFileReference; lastKnownFileType = file.storyboard; path = UpDownGameStoryBoard.storyboard; sourceTree = "<group>"; };
		B6BA7E0328FEFB2B004E35CD /* rowEnum.playground */ = {isa = PBXFileReference; lastKnownFileType = file.playground; path = rowEnum.playground; sourceTree = "<group>"; xcLanguageSpecificationIdentifier = xcode.lang.swift; };
		B6D4BE5228FD9B3C00394055 /* AirplaneTicket.playground */ = {isa = PBXFileReference; lastKnownFileType = file.playground; path = AirplaneTicket.playground; sourceTree = "<group>"; xcLanguageSpecificationIdentifier = xcode.lang.swift; };
		B6D6ED6E28F71BE300C1FA31 /* Iterator.playground */ = {isa = PBXFileReference; lastKnownFileType = file.playground; path = Iterator.playground; sourceTree = "<group>"; xcLanguageSpecificationIdentifier = xcode.lang.swift; };
		B6D6ED7028F71E6700C1FA31 /* Filter.playground */ = {isa = PBXFileReference; lastKnownFileType = file.playground; path = Filter.playground; sourceTree = "<group>"; xcLanguageSpecificationIdentifier = xcode.lang.swift; };
		B6D6ED7128F7231800C1FA31 /* Enumerated.playground */ = {isa = PBXFileReference; lastKnownFileType = file.playground; path = Enumerated.playground; sourceTree = "<group>"; xcLanguageSpecificationIdentifier = xcode.lang.swift; };
		B6D6ED7228F85D8F00C1FA31 /* LazySequence.playground */ = {isa = PBXFileReference; lastKnownFileType = file.playground; path = LazySequence.playground; sourceTree = "<group>"; xcLanguageSpecificationIdentifier = xcode.lang.swift; };
		B6D6ED7328F8679900C1FA31 /* Reduce.playground */ = {isa = PBXFileReference; lastKnownFileType = file.playground; path = Reduce.playground; sourceTree = "<group>"; xcLanguageSpecificationIdentifier = xcode.lang.swift; };
		B6D6ED7428F86B9F00C1FA31 /* ReduceInto.playground */ = {isa = PBXFileReference; lastKnownFileType = file.playground; path = ReduceInto.playground; sourceTree = "<group>"; xcLanguageSpecificationIdentifier = xcode.lang.swift; };
		B6D6ED7528F8734500C1FA31 /* Zip.playground */ = {isa = PBXFileReference; lastKnownFileType = file.playground; path = Zip.playground; sourceTree = "<group>"; xcLanguageSpecificationIdentifier = xcode.lang.swift; };
		B6D6ED7728F8765E00C1FA31 /* InOut.playground */ = {isa = PBXFileReference; lastKnownFileType = file.playground; path = InOut.playground; sourceTree = "<group>"; xcLanguageSpecificationIdentifier = xcode.lang.swift; };
		B6D6ED7828F8842E00C1FA31 /* Nested.playground */ = {isa = PBXFileReference; lastKnownFileType = file.playground; path = Nested.playground; sourceTree = "<group>"; xcLanguageSpecificationIdentifier = xcode.lang.swift; };
/* End PBXFileReference section */

/* Begin PBXFrameworksBuildPhase section */
		B62D62D8289F8BF9001191BE /* Frameworks */ = {
			isa = PBXFrameworksBuildPhase;
			buildActionMask = 2147483647;
			files = (
				431996FDA181A824AE25C79F /* Pods_SYStudy.framework in Frameworks */,
			);
			runOnlyForDeploymentPostprocessing = 0;
		};
/* End PBXFrameworksBuildPhase section */

/* Begin PBXGroup section */
		A280914514C668D2B6FD9600 /* Frameworks */ = {
			isa = PBXGroup;
			children = (
				598EBC18B25B9157C457124B /* Pods_SYStudy.framework */,
			);
			name = Frameworks;
			sourceTree = "<group>";
		};
		B624EDEF2901A3C000331BE2 /* Initializers */ = {
			isa = PBXGroup;
			children = (
				B624EDF02901A3DA00331BE2 /* StructInitializers.playground */,
				B624EDF12901A62B00331BE2 /* ConvenienceInitializers.playground */,
				B624EDF22901AA2900331BE2 /* SubclassInitalizers.playground */,
				B624EDF32901AE4600331BE2 /* RequiredInit.playground */,
			);
			path = Initializers;
			sourceTree = "<group>";
		};
		B624EDF42902BC0200331BE2 /* Optional */ = {
			isa = PBXGroup;
			children = (
				B624EDF52902BC3400331BE2 /* Unwrapping.playground */,
				B63C87C92903D58A005E706B /* UnwrappingOptional2.playground */,
				B63C87CA2903E35E005E706B /* ReturnOptional.playground */,
				B63C87CB2903E847005E706B /* ChainingOptinal.playground */,
				B63C87CC2903E9DA005E706B /* OptionalBools.playground */,
				B63C87CD2903EDC0005E706B /* ForceUnwrapping.playground */,
			);
			path = Optional;
			sourceTree = "<group>";
		};
		B62D62D2289F8BF9001191BE = {
			isa = PBXGroup;
			children = (
				B6D6ED6B28F71B6100C1FA31 /* SwiftStudy */,
				B6B66F5228A289F8005BF83E /* Yagom */,
				B62D62DD289F8BF9001191BE /* SYStudy */,
				B62D62DC289F8BF9001191BE /* Products */,
				C8394219DBCD573F2A515961 /* Pods */,
				A280914514C668D2B6FD9600 /* Frameworks */,
			);
			sourceTree = "<group>";
		};
		B62D62DC289F8BF9001191BE /* Products */ = {
			isa = PBXGroup;
			children = (
				B62D62DB289F8BF9001191BE /* SYStudy.app */,
			);
			name = Products;
			sourceTree = "<group>";
		};
		B62D62DD289F8BF9001191BE /* SYStudy */ = {
			isa = PBXGroup;
			children = (
				B64EEDFC28CF7CB3004002E3 /* Kakao */,
				B657249C28CB48410031A8E4 /* Homework5 */,
				B654E31728ABDF4A00A1A5DA /* Study */,
				B6AA687928A76D8D006590E5 /* Homework1 */,
				B6AA687828A76CD6006590E5 /* Homework2 */,
				B6AA687F28A7809A006590E5 /* Homework3 */,
				B683B82D28C0CBEB0098979B /* Homework4 */,
				B62D62DE289F8BF9001191BE /* AppDelegate.swift */,
				B62D62E0289F8BF9001191BE /* SceneDelegate.swift */,
				B62D62E7289F8BFD001191BE /* Assets.xcassets */,
				B62D62E9289F8BFD001191BE /* LaunchScreen.storyboard */,
				B62D62EC289F8BFD001191BE /* Info.plist */,
				B65F344728C9E5CC00F2D797 /* Quiz1.playground */,
			);
			path = SYStudy;
			sourceTree = "<group>";
		};
		B64C8DB4290040C10067821E /* Property */ = {
			isa = PBXGroup;
			children = (
				B64C8DB5290040D60067821E /* LazyProperty.playground */,
				B697EACE290058F6008DFC21 /* ComputedProtpery.playground */,
				B624EDEE2901973900331BE2 /* PropertyObsevers.playground */,
			);
			path = Property;
			sourceTree = "<group>";
		};
		B64EEDFC28CF7CB3004002E3 /* Kakao */ = {
			isa = PBXGroup;
			children = (
				B64EEDFD28CF7D1E004002E3 /* KakaoStoryboard.storyboard */,
				B64EEE0328CF7DFF004002E3 /* KakaoViewController.swift */,
				B64EEE0728CF83FD004002E3 /* ChattingCollectionViewCell.swift */,
				B64EEE0928CF870D004002E3 /* ChatList.swift */,
			);
			path = Kakao;
			sourceTree = "<group>";
		};
		B654E31728ABDF4A00A1A5DA /* Study */ = {
			isa = PBXGroup;
			children = (
				B654E31828ABDF7900A1A5DA /* StudyViewController.swift */,
				B654E31A28ABDF9F00A1A5DA /* StudyStoryboard.storyboard */,
				B65AF85428C20432009747D6 /* CollectionViewCell.swift */,
				B65AF85628C20E39009747D6 /* Animal.swift */,
			);
			path = Study;
			sourceTree = "<group>";
		};
		B657249C28CB48410031A8E4 /* Homework5 */ = {
			isa = PBXGroup;
			children = (
				B657249D28CB485E0031A8E4 /* Homework5.storyboard */,
				B65724A328CB4E0A0031A8E4 /* Company.swift */,
				B65724A128CB4D040031A8E4 /* CompanyCell.swift */,
				B657249F28CB48A20031A8E4 /* Homework5ViewController.swift */,
			);
			path = Homework5;
			sourceTree = "<group>";
		};
		B65D3991290EC4F600C9B828 /* Error */ = {
			isa = PBXGroup;
			children = (
				B65D3992290EC51500C9B828 /* ThrowingErrors.playground */,
				B65D39932910175900C9B828 /* ThrowingErrors2.playground */,
				B65D3994291026E000C9B828 /* ErrorPropagation.playground */,
				B65D39952910323100C9B828 /* ValidityWithType.playground */,
			);
			path = Error;
			sourceTree = "<group>";
		};
		B683B82D28C0CBEB0098979B /* Homework4 */ = {
			isa = PBXGroup;
			children = (
				B683B82E28C0CC400098979B /* Homework4Storyboard.storyboard */,
				B683B83028C0CC690098979B /* Homework4ViewController.swift */,
				B683B83228C0D7BA0098979B /* RankCollectionViewCell.swift */,
				B683B83428C0DE010098979B /* RankModel.swift */,
			);
			path = Homework4;
			sourceTree = "<group>";
		};
		B69508EB28FA7ADA00403208 /* Enumerations */ = {
			isa = PBXGroup;
			children = (
				B69508EC28FA7AF900403208 /* Session.playground */,
				B69508ED28FA921800403208 /* HideEnum.playground */,
				B6D4BE5228FD9B3C00394055 /* AirplaneTicket.playground */,
				B6BA7E0328FEFB2B004E35CD /* rowEnum.playground */,
				B697EACD29004D52008DFC21 /* TeacherStudent.playground */,
			);
			path = Enumerations;
			sourceTree = "<group>";
		};
		B6AA687828A76CD6006590E5 /* Homework2 */ = {
			isa = PBXGroup;
			children = (
				B6AA687A28A76DC1006590E5 /* Homework2ViewController.swift */,
				B6AA687D28A76E1B006590E5 /* Homework2Storyboard.storyboard */,
			);
			path = Homework2;
			sourceTree = "<group>";
		};
		B6AA687928A76D8D006590E5 /* Homework1 */ = {
			isa = PBXGroup;
			children = (
				B62D62E2289F8BF9001191BE /* ViewController.swift */,
				B62D62E4289F8BF9001191BE /* Main.storyboard */,
			);
			path = Homework1;
			sourceTree = "<group>";
		};
		B6AA687F28A7809A006590E5 /* Homework3 */ = {
			isa = PBXGroup;
			children = (
				B6AA688028A780BD006590E5 /* Homework3ViewController.swift */,
				B6AA688228A780CD006590E5 /* Homework3Storyboard.storyboard */,
			);
			path = Homework3;
			sourceTree = "<group>";
		};
		B6B66F5228A289F8005BF83E /* Yagom */ = {
			isa = PBXGroup;
			children = (
				B6B66F5328A28C55005BF83E /* UpDownGameViewController.swift */,
				B6B66F5528A28D10005BF83E /* UpDownGameStoryBoard.storyboard */,
			);
			path = Yagom;
			sourceTree = "<group>";
		};
		B6D6ED6B28F71B6100C1FA31 /* SwiftStudy */ = {
			isa = PBXGroup;
			children = (
				B65D3991290EC4F600C9B828 /* Error */,
				B624EDF42902BC0200331BE2 /* Optional */,
				B624EDEF2901A3C000331BE2 /* Initializers */,
				B64C8DB4290040C10067821E /* Property */,
				B69508EB28FA7ADA00403208 /* Enumerations */,
				B6D6ED7628F8764300C1FA31 /* Functions */,
				B6D6ED6F28F71E3800C1FA31 /* Collection */,
			);
			path = SwiftStudy;
			sourceTree = "<group>";
		};
		B6D6ED6F28F71E3800C1FA31 /* Collection */ = {
			isa = PBXGroup;
			children = (
				B6D6ED6E28F71BE300C1FA31 /* Iterator.playground */,
				B6D6ED7028F71E6700C1FA31 /* Filter.playground */,
				B6D6ED7128F7231800C1FA31 /* Enumerated.playground */,
				B6D6ED7228F85D8F00C1FA31 /* LazySequence.playground */,
				B6D6ED7328F8679900C1FA31 /* Reduce.playground */,
				B6D6ED7428F86B9F00C1FA31 /* ReduceInto.playground */,
				B6D6ED7528F8734500C1FA31 /* Zip.playground */,
			);
			path = Collection;
			sourceTree = "<group>";
		};
		B6D6ED7628F8764300C1FA31 /* Functions */ = {
			isa = PBXGroup;
			children = (
				B6D6ED7728F8765E00C1FA31 /* InOut.playground */,
				B6D6ED7828F8842E00C1FA31 /* Nested.playground */,
			);
			path = Functions;
			sourceTree = "<group>";
		};
		C8394219DBCD573F2A515961 /* Pods */ = {
			isa = PBXGroup;
			children = (
				A948BFB06899CA4956C3F0B6 /* Pods-SYStudy.debug.xcconfig */,
				AAD3CEEA3B06B12FF281F76F /* Pods-SYStudy.release.xcconfig */,
			);
			path = Pods;
			sourceTree = "<group>";
		};
/* End PBXGroup section */

/* Begin PBXNativeTarget section */
		B62D62DA289F8BF9001191BE /* SYStudy */ = {
			isa = PBXNativeTarget;
			buildConfigurationList = B62D62EF289F8BFD001191BE /* Build configuration list for PBXNativeTarget "SYStudy" */;
			buildPhases = (
				B9968D40599A5AD176A62AC6 /* [CP] Check Pods Manifest.lock */,
				B62D62D7289F8BF9001191BE /* Sources */,
				B62D62D8289F8BF9001191BE /* Frameworks */,
				B62D62D9289F8BF9001191BE /* Resources */,
				7DEE7EBB61C05A88800A790A /* [CP] Embed Pods Frameworks */,
			);
			buildRules = (
			);
			dependencies = (
			);
			name = SYStudy;
			productName = SYStudy;
			productReference = B62D62DB289F8BF9001191BE /* SYStudy.app */;
			productType = "com.apple.product-type.application";
		};
/* End PBXNativeTarget section */

/* Begin PBXProject section */
		B62D62D3289F8BF9001191BE /* Project object */ = {
			isa = PBXProject;
			attributes = {
				BuildIndependentTargetsInParallel = 1;
				LastSwiftUpdateCheck = 1340;
				LastUpgradeCheck = 1340;
				TargetAttributes = {
					B62D62DA289F8BF9001191BE = {
						CreatedOnToolsVersion = 13.4.1;
					};
				};
			};
			buildConfigurationList = B62D62D6289F8BF9001191BE /* Build configuration list for PBXProject "SYStudy" */;
			compatibilityVersion = "Xcode 13.0";
			developmentRegion = en;
			hasScannedForEncodings = 0;
			knownRegions = (
				en,
				Base,
			);
			mainGroup = B62D62D2289F8BF9001191BE;
			productRefGroup = B62D62DC289F8BF9001191BE /* Products */;
			projectDirPath = "";
			projectRoot = "";
			targets = (
				B62D62DA289F8BF9001191BE /* SYStudy */,
			);
		};
/* End PBXProject section */

/* Begin PBXResourcesBuildPhase section */
		B62D62D9289F8BF9001191BE /* Resources */ = {
			isa = PBXResourcesBuildPhase;
			buildActionMask = 2147483647;
			files = (
				B657249E28CB485E0031A8E4 /* Homework5.storyboard in Resources */,
				B654E31B28ABDF9F00A1A5DA /* StudyStoryboard.storyboard in Resources */,
				B62D62EB289F8BFD001191BE /* LaunchScreen.storyboard in Resources */,
				B62D62E8289F8BFD001191BE /* Assets.xcassets in Resources */,
				B6B66F5628A28D10005BF83E /* UpDownGameStoryBoard.storyboard in Resources */,
				B64EEDFE28CF7D1E004002E3 /* KakaoStoryboard.storyboard in Resources */,
				B62D62E6289F8BF9001191BE /* Main.storyboard in Resources */,
				B6AA687E28A76E1B006590E5 /* Homework2Storyboard.storyboard in Resources */,
				B683B82F28C0CC400098979B /* Homework4Storyboard.storyboard in Resources */,
				B6AA688328A780CD006590E5 /* Homework3Storyboard.storyboard in Resources */,
			);
			runOnlyForDeploymentPostprocessing = 0;
		};
/* End PBXResourcesBuildPhase section */

/* Begin PBXShellScriptBuildPhase section */
		7DEE7EBB61C05A88800A790A /* [CP] Embed Pods Frameworks */ = {
			isa = PBXShellScriptBuildPhase;
			buildActionMask = 2147483647;
			files = (
			);
			inputFileListPaths = (
				"${PODS_ROOT}/Target Support Files/Pods-SYStudy/Pods-SYStudy-frameworks-${CONFIGURATION}-input-files.xcfilelist",
			);
			name = "[CP] Embed Pods Frameworks";
			outputFileListPaths = (
				"${PODS_ROOT}/Target Support Files/Pods-SYStudy/Pods-SYStudy-frameworks-${CONFIGURATION}-output-files.xcfilelist",
			);
			runOnlyForDeploymentPostprocessing = 0;
			shellPath = /bin/sh;
			shellScript = "\"${PODS_ROOT}/Target Support Files/Pods-SYStudy/Pods-SYStudy-frameworks.sh\"\n";
			showEnvVarsInLog = 0;
		};
		B9968D40599A5AD176A62AC6 /* [CP] Check Pods Manifest.lock */ = {
			isa = PBXShellScriptBuildPhase;
			buildActionMask = 2147483647;
			files = (
			);
			inputFileListPaths = (
			);
			inputPaths = (
				"${PODS_PODFILE_DIR_PATH}/Podfile.lock",
				"${PODS_ROOT}/Manifest.lock",
			);
			name = "[CP] Check Pods Manifest.lock";
			outputFileListPaths = (
			);
			outputPaths = (
				"$(DERIVED_FILE_DIR)/Pods-SYStudy-checkManifestLockResult.txt",
			);
			runOnlyForDeploymentPostprocessing = 0;
			shellPath = /bin/sh;
			shellScript = "diff \"${PODS_PODFILE_DIR_PATH}/Podfile.lock\" \"${PODS_ROOT}/Manifest.lock\" > /dev/null\nif [ $? != 0 ] ; then\n    # print error to STDERR\n    echo \"error: The sandbox is not in sync with the Podfile.lock. Run 'pod install' or update your CocoaPods installation.\" >&2\n    exit 1\nfi\n# This output is used by Xcode 'outputs' to avoid re-running this script phase.\necho \"SUCCESS\" > \"${SCRIPT_OUTPUT_FILE_0}\"\n";
			showEnvVarsInLog = 0;
		};
/* End PBXShellScriptBuildPhase section */

/* Begin PBXSourcesBuildPhase section */
		B62D62D7289F8BF9001191BE /* Sources */ = {
			isa = PBXSourcesBuildPhase;
			buildActionMask = 2147483647;
			files = (
				B6AA688128A780BD006590E5 /* Homework3ViewController.swift in Sources */,
				B62D62E3289F8BF9001191BE /* ViewController.swift in Sources */,
				B654E31928ABDF7900A1A5DA /* StudyViewController.swift in Sources */,
				B65724A228CB4D040031A8E4 /* CompanyCell.swift in Sources */,
				B683B83528C0DE010098979B /* RankModel.swift in Sources */,
				B683B83328C0D7BA0098979B /* RankCollectionViewCell.swift in Sources */,
				B65724A028CB48A20031A8E4 /* Homework5ViewController.swift in Sources */,
				B64EEE0A28CF870D004002E3 /* ChatList.swift in Sources */,
				B65AF85728C20E39009747D6 /* Animal.swift in Sources */,
				B65724A428CB4E0A0031A8E4 /* Company.swift in Sources */,
				B62D62DF289F8BF9001191BE /* AppDelegate.swift in Sources */,
				B64EEE0828CF83FD004002E3 /* ChattingCollectionViewCell.swift in Sources */,
				B64EEE0428CF7DFF004002E3 /* KakaoViewController.swift in Sources */,
				B6AA687B28A76DC1006590E5 /* Homework2ViewController.swift in Sources */,
				B62D62E1289F8BF9001191BE /* SceneDelegate.swift in Sources */,
				B6B66F5428A28C55005BF83E /* UpDownGameViewController.swift in Sources */,
				B683B83128C0CC690098979B /* Homework4ViewController.swift in Sources */,
				B65AF85528C20432009747D6 /* CollectionViewCell.swift in Sources */,
			);
			runOnlyForDeploymentPostprocessing = 0;
		};
/* End PBXSourcesBuildPhase section */

/* Begin PBXVariantGroup section */
		B62D62E4289F8BF9001191BE /* Main.storyboard */ = {
			isa = PBXVariantGroup;
			children = (
				B62D62E5289F8BF9001191BE /* Base */,
			);
			name = Main.storyboard;
			sourceTree = "<group>";
		};
		B62D62E9289F8BFD001191BE /* LaunchScreen.storyboard */ = {
			isa = PBXVariantGroup;
			children = (
				B62D62EA289F8BFD001191BE /* Base */,
			);
			name = LaunchScreen.storyboard;
			sourceTree = "<group>";
		};
/* End PBXVariantGroup section */

/* Begin XCBuildConfiguration section */
		B62D62ED289F8BFD001191BE /* Debug */ = {
			isa = XCBuildConfiguration;
			buildSettings = {
				ALWAYS_SEARCH_USER_PATHS = NO;
				CLANG_ANALYZER_NONNULL = YES;
				CLANG_ANALYZER_NUMBER_OBJECT_CONVERSION = YES_AGGRESSIVE;
				CLANG_CXX_LANGUAGE_STANDARD = "gnu++17";
				CLANG_ENABLE_MODULES = YES;
				CLANG_ENABLE_OBJC_ARC = YES;
				CLANG_ENABLE_OBJC_WEAK = YES;
				CLANG_WARN_BLOCK_CAPTURE_AUTORELEASING = YES;
				CLANG_WARN_BOOL_CONVERSION = YES;
				CLANG_WARN_COMMA = YES;
				CLANG_WARN_CONSTANT_CONVERSION = YES;
				CLANG_WARN_DEPRECATED_OBJC_IMPLEMENTATIONS = YES;
				CLANG_WARN_DIRECT_OBJC_ISA_USAGE = YES_ERROR;
				CLANG_WARN_DOCUMENTATION_COMMENTS = YES;
				CLANG_WARN_EMPTY_BODY = YES;
				CLANG_WARN_ENUM_CONVERSION = YES;
				CLANG_WARN_INFINITE_RECURSION = YES;
				CLANG_WARN_INT_CONVERSION = YES;
				CLANG_WARN_NON_LITERAL_NULL_CONVERSION = YES;
				CLANG_WARN_OBJC_IMPLICIT_RETAIN_SELF = YES;
				CLANG_WARN_OBJC_LITERAL_CONVERSION = YES;
				CLANG_WARN_OBJC_ROOT_CLASS = YES_ERROR;
				CLANG_WARN_QUOTED_INCLUDE_IN_FRAMEWORK_HEADER = YES;
				CLANG_WARN_RANGE_LOOP_ANALYSIS = YES;
				CLANG_WARN_STRICT_PROTOTYPES = YES;
				CLANG_WARN_SUSPICIOUS_MOVE = YES;
				CLANG_WARN_UNGUARDED_AVAILABILITY = YES_AGGRESSIVE;
				CLANG_WARN_UNREACHABLE_CODE = YES;
				CLANG_WARN__DUPLICATE_METHOD_MATCH = YES;
				COPY_PHASE_STRIP = NO;
				DEBUG_INFORMATION_FORMAT = dwarf;
				ENABLE_STRICT_OBJC_MSGSEND = YES;
				ENABLE_TESTABILITY = YES;
				GCC_C_LANGUAGE_STANDARD = gnu11;
				GCC_DYNAMIC_NO_PIC = NO;
				GCC_NO_COMMON_BLOCKS = YES;
				GCC_OPTIMIZATION_LEVEL = 0;
				GCC_PREPROCESSOR_DEFINITIONS = (
					"DEBUG=1",
					"$(inherited)",
				);
				GCC_WARN_64_TO_32_BIT_CONVERSION = YES;
				GCC_WARN_ABOUT_RETURN_TYPE = YES_ERROR;
				GCC_WARN_UNDECLARED_SELECTOR = YES;
				GCC_WARN_UNINITIALIZED_AUTOS = YES_AGGRESSIVE;
				GCC_WARN_UNUSED_FUNCTION = YES;
				GCC_WARN_UNUSED_VARIABLE = YES;
				IPHONEOS_DEPLOYMENT_TARGET = 15.5;
				MTL_ENABLE_DEBUG_INFO = INCLUDE_SOURCE;
				MTL_FAST_MATH = YES;
				ONLY_ACTIVE_ARCH = YES;
				SDKROOT = iphoneos;
				SWIFT_ACTIVE_COMPILATION_CONDITIONS = DEBUG;
				SWIFT_OPTIMIZATION_LEVEL = "-Onone";
			};
			name = Debug;
		};
		B62D62EE289F8BFD001191BE /* Release */ = {
			isa = XCBuildConfiguration;
			buildSettings = {
				ALWAYS_SEARCH_USER_PATHS = NO;
				CLANG_ANALYZER_NONNULL = YES;
				CLANG_ANALYZER_NUMBER_OBJECT_CONVERSION = YES_AGGRESSIVE;
				CLANG_CXX_LANGUAGE_STANDARD = "gnu++17";
				CLANG_ENABLE_MODULES = YES;
				CLANG_ENABLE_OBJC_ARC = YES;
				CLANG_ENABLE_OBJC_WEAK = YES;
				CLANG_WARN_BLOCK_CAPTURE_AUTORELEASING = YES;
				CLANG_WARN_BOOL_CONVERSION = YES;
				CLANG_WARN_COMMA = YES;
				CLANG_WARN_CONSTANT_CONVERSION = YES;
				CLANG_WARN_DEPRECATED_OBJC_IMPLEMENTATIONS = YES;
				CLANG_WARN_DIRECT_OBJC_ISA_USAGE = YES_ERROR;
				CLANG_WARN_DOCUMENTATION_COMMENTS = YES;
				CLANG_WARN_EMPTY_BODY = YES;
				CLANG_WARN_ENUM_CONVERSION = YES;
				CLANG_WARN_INFINITE_RECURSION = YES;
				CLANG_WARN_INT_CONVERSION = YES;
				CLANG_WARN_NON_LITERAL_NULL_CONVERSION = YES;
				CLANG_WARN_OBJC_IMPLICIT_RETAIN_SELF = YES;
				CLANG_WARN_OBJC_LITERAL_CONVERSION = YES;
				CLANG_WARN_OBJC_ROOT_CLASS = YES_ERROR;
				CLANG_WARN_QUOTED_INCLUDE_IN_FRAMEWORK_HEADER = YES;
				CLANG_WARN_RANGE_LOOP_ANALYSIS = YES;
				CLANG_WARN_STRICT_PROTOTYPES = YES;
				CLANG_WARN_SUSPICIOUS_MOVE = YES;
				CLANG_WARN_UNGUARDED_AVAILABILITY = YES_AGGRESSIVE;
				CLANG_WARN_UNREACHABLE_CODE = YES;
				CLANG_WARN__DUPLICATE_METHOD_MATCH = YES;
				COPY_PHASE_STRIP = NO;
				DEBUG_INFORMATION_FORMAT = "dwarf-with-dsym";
				ENABLE_NS_ASSERTIONS = NO;
				ENABLE_STRICT_OBJC_MSGSEND = YES;
				GCC_C_LANGUAGE_STANDARD = gnu11;
				GCC_NO_COMMON_BLOCKS = YES;
				GCC_WARN_64_TO_32_BIT_CONVERSION = YES;
				GCC_WARN_ABOUT_RETURN_TYPE = YES_ERROR;
				GCC_WARN_UNDECLARED_SELECTOR = YES;
				GCC_WARN_UNINITIALIZED_AUTOS = YES_AGGRESSIVE;
				GCC_WARN_UNUSED_FUNCTION = YES;
				GCC_WARN_UNUSED_VARIABLE = YES;
				IPHONEOS_DEPLOYMENT_TARGET = 15.5;
				MTL_ENABLE_DEBUG_INFO = NO;
				MTL_FAST_MATH = YES;
				SDKROOT = iphoneos;
				SWIFT_COMPILATION_MODE = wholemodule;
				SWIFT_OPTIMIZATION_LEVEL = "-O";
				VALIDATE_PRODUCT = YES;
			};
			name = Release;
		};
		B62D62F0289F8BFD001191BE /* Debug */ = {
			isa = XCBuildConfiguration;
			baseConfigurationReference = A948BFB06899CA4956C3F0B6 /* Pods-SYStudy.debug.xcconfig */;
			buildSettings = {
				ASSETCATALOG_COMPILER_APPICON_NAME = AppIcon;
				ASSETCATALOG_COMPILER_GLOBAL_ACCENT_COLOR_NAME = AccentColor;
				CODE_SIGN_STYLE = Automatic;
				CURRENT_PROJECT_VERSION = 1;
				DEVELOPMENT_TEAM = FUV2GHVQ46;
				GENERATE_INFOPLIST_FILE = YES;
				INFOPLIST_FILE = SYStudy/Info.plist;
				INFOPLIST_KEY_UIApplicationSupportsIndirectInputEvents = YES;
				INFOPLIST_KEY_UILaunchStoryboardName = LaunchScreen;
				INFOPLIST_KEY_UIMainStoryboardFile = Main;
				INFOPLIST_KEY_UISupportedInterfaceOrientations_iPad = "UIInterfaceOrientationPortrait UIInterfaceOrientationPortraitUpsideDown UIInterfaceOrientationLandscapeLeft UIInterfaceOrientationLandscapeRight";
				INFOPLIST_KEY_UISupportedInterfaceOrientations_iPhone = "UIInterfaceOrientationPortrait UIInterfaceOrientationLandscapeLeft UIInterfaceOrientationLandscapeRight";
				LD_RUNPATH_SEARCH_PATHS = (
					"$(inherited)",
					"@executable_path/Frameworks",
				);
				MARKETING_VERSION = 1.0;
				PRODUCT_BUNDLE_IDENTIFIER = YuGenoHui.SYStudy;
				PRODUCT_NAME = "$(TARGET_NAME)";
				SWIFT_EMIT_LOC_STRINGS = YES;
				SWIFT_VERSION = 5.0;
				TARGETED_DEVICE_FAMILY = "1,2";
			};
			name = Debug;
		};
		B62D62F1289F8BFD001191BE /* Release */ = {
			isa = XCBuildConfiguration;
			baseConfigurationReference = AAD3CEEA3B06B12FF281F76F /* Pods-SYStudy.release.xcconfig */;
			buildSettings = {
				ASSETCATALOG_COMPILER_APPICON_NAME = AppIcon;
				ASSETCATALOG_COMPILER_GLOBAL_ACCENT_COLOR_NAME = AccentColor;
				CODE_SIGN_STYLE = Automatic;
				CURRENT_PROJECT_VERSION = 1;
				DEVELOPMENT_TEAM = FUV2GHVQ46;
				GENERATE_INFOPLIST_FILE = YES;
				INFOPLIST_FILE = SYStudy/Info.plist;
				INFOPLIST_KEY_UIApplicationSupportsIndirectInputEvents = YES;
				INFOPLIST_KEY_UILaunchStoryboardName = LaunchScreen;
				INFOPLIST_KEY_UIMainStoryboardFile = Main;
				INFOPLIST_KEY_UISupportedInterfaceOrientations_iPad = "UIInterfaceOrientationPortrait UIInterfaceOrientationPortraitUpsideDown UIInterfaceOrientationLandscapeLeft UIInterfaceOrientationLandscapeRight";
				INFOPLIST_KEY_UISupportedInterfaceOrientations_iPhone = "UIInterfaceOrientationPortrait UIInterfaceOrientationLandscapeLeft UIInterfaceOrientationLandscapeRight";
				LD_RUNPATH_SEARCH_PATHS = (
					"$(inherited)",
					"@executable_path/Frameworks",
				);
				MARKETING_VERSION = 1.0;
				PRODUCT_BUNDLE_IDENTIFIER = YuGenoHui.SYStudy;
				PRODUCT_NAME = "$(TARGET_NAME)";
				SWIFT_EMIT_LOC_STRINGS = YES;
				SWIFT_VERSION = 5.0;
				TARGETED_DEVICE_FAMILY = "1,2";
			};
			name = Release;
		};
/* End XCBuildConfiguration section */

/* Begin XCConfigurationList section */
		B62D62D6289F8BF9001191BE /* Build configuration list for PBXProject "SYStudy" */ = {
			isa = XCConfigurationList;
			buildConfigurations = (
				B62D62ED289F8BFD001191BE /* Debug */,
				B62D62EE289F8BFD001191BE /* Release */,
			);
			defaultConfigurationIsVisible = 0;
			defaultConfigurationName = Release;
		};
		B62D62EF289F8BFD001191BE /* Build configuration list for PBXNativeTarget "SYStudy" */ = {
			isa = XCConfigurationList;
			buildConfigurations = (
				B62D62F0289F8BFD001191BE /* Debug */,
				B62D62F1289F8BFD001191BE /* Release */,
			);
			defaultConfigurationIsVisible = 0;
			defaultConfigurationName = Release;
		};
/* End XCConfigurationList section */
	};
	rootObject = B62D62D3289F8BF9001191BE /* Project object */;
}
